
Microsoft Visual Studio Solution File, Format Version 12.00
# Visual Studio Version 16
VisualStudioVersion = 16.0.34031.81
MinimumVisualStudioVersion = 10.0.40219.1
Project("{FAE04EC0-301F-11D3-BF4B-00C04F79EFBC}") = "ExamWeb_PhamHuynhAnh", "ExamWeb_PhamHuynhAnh\ExamWeb_PhamHuynhAnh.csproj", "{B3B93C66-B42C-4BD2-92AD-1EBF835F4B23}"
EndProject
Global
	GlobalSection(SolutionConfigurationPlatforms) = preSolution
		Debug|Any CPU = Debug|Any CPU
		Release|Any CPU = Release|Any CPU
	EndGlobalSection
	GlobalSection(ProjectConfigurationPlatforms) = postSolution
		{B3B93C66-B42C-4BD2-92AD-1EBF835F4B23}.Debug|Any CPU.ActiveCfg = Debug|Any CPU
		{B3B93C66-B42C-4BD2-92AD-1EBF835F4B23}.Debug|Any CPU.Build.0 = Debug|Any CPU
		{B3B93C66-B42C-4BD2-92AD-1EBF835F4B23}.Release|Any CPU.ActiveCfg = Release|Any CPU
		{B3B93C66-B42C-4BD2-92AD-1EBF835F4B23}.Release|Any CPU.Build.0 = Release|Any CPU
	EndGlobalSection
	GlobalSection(SolutionProperties) = preSolution
		HideSolutionNode = FALSE
	EndGlobalSection
	GlobalSection(ExtensibilityGlobals) = postSolution
		SolutionGuid = {36AFAA04-7B6E-4126-9B82-3AEC7D47DCA1}
	EndGlobalSection
EndGlobal
